
Microsoft Visual Studio Solution File, Format Version 11.00
# Visual Studio 2010
Project("{FAE04EC0-301F-11D3-BF4B-00C04F79EFBC}") = "OnlineAuction", "OnlineAuction\OnlineAuction.csproj", "{8621DF00-D1FD-494C-9534-6E16E03B8830}"
EndProject
Global
	GlobalSection(SolutionConfigurationPlatforms) = preSolution
		Debug|Any CPU = Debug|Any CPU
		Release|Any CPU = Release|Any CPU
	EndGlobalSection
	GlobalSection(ProjectConfigurationPlatforms) = postSolution
		{8621DF00-D1FD-494C-9534-6E16E03B8830}.Debug|Any CPU.ActiveCfg = Debug|Any CPU
		{8621DF00-D1FD-494C-9534-6E16E03B8830}.Debug|Any CPU.Build.0 = Debug|Any CPU
		{8621DF00-D1FD-494C-9534-6E16E03B8830}.Release|Any CPU.ActiveCfg = Release|Any CPU
		{8621DF00-D1FD-494C-9534-6E16E03B8830}.Release|Any CPU.Build.0 = Release|Any CPU
	EndGlobalSection
	GlobalSection(SolutionProperties) = preSolution
		HideSolutionNode = FALSE
	EndGlobalSection
EndGlobal
